// !$*UTF8*$!
{
	archiveVersion = 1;
	classes = {
	};
	objectVersion = 50;
	objects = {

/* Begin PBXBuildFile section */
		A21082DE26DBB3C2005A8BDE /* AppDelegate.swift in Sources */ = {isa = PBXBuildFile; fileRef = A21082DD26DBB3C2005A8BDE /* AppDelegate.swift */; };
		A21082E026DBB3C2005A8BDE /* SceneDelegate.swift in Sources */ = {isa = PBXBuildFile; fileRef = A21082DF26DBB3C2005A8BDE /* SceneDelegate.swift */; };
		A21082E226DBB3C2005A8BDE /* ViewController.swift in Sources */ = {isa = PBXBuildFile; fileRef = A21082E126DBB3C2005A8BDE /* ViewController.swift */; };
		A21082E526DBB3C2005A8BDE /* Main.storyboard in Resources */ = {isa = PBXBuildFile; fileRef = A21082E326DBB3C2005A8BDE /* Main.storyboard */; };
		A21082E726DBB3CA005A8BDE /* Assets.xcassets in Resources */ = {isa = PBXBuildFile; fileRef = A21082E626DBB3CA005A8BDE /* Assets.xcassets */; };
		A21082EA26DBB3CA005A8BDE /* LaunchScreen.storyboard in Resources */ = {isa = PBXBuildFile; fileRef = A21082E826DBB3CA005A8BDE /* LaunchScreen.storyboard */; };
/* End PBXBuildFile section */

/* Begin PBXFileReference section */
		A21082DA26DBB3C2005A8BDE /* ValifyAppDemo.app */ = {isa = PBXFileReference; explicitFileType = wrapper.application; includeInIndex = 0; path = ValifyAppDemo.app; sourceTree = BUILT_PRODUCTS_DIR; };
		A21082DD26DBB3C2005A8BDE /* AppDelegate.swift */ = {isa = PBXFileReference; lastKnownFileType = sourcecode.swift; path = AppDelegate.swift; sourceTree = "<group>"; };
		A21082DF26DBB3C2005A8BDE /* SceneDelegate.swift */ = {isa = PBXFileReference; lastKnownFileType = sourcecode.swift; path = SceneDelegate.swift; sourceTree = "<group>"; };
		A21082E126DBB3C2005A8BDE /* ViewController.swift */ = {isa = PBXFileReference; lastKnownFileType = sourcecode.swift; path = ViewController.swift; sourceTree = "<group>"; };
		A21082E426DBB3C2005A8BDE /* Base */ = {isa = PBXFileReference; lastKnownFileType = file.storyboard; name = Base; path = Base.lproj/Main.storyboard; sourceTree = "<group>"; };
		A21082E626DBB3CA005A8BDE /* Assets.xcassets */ = {isa = PBXFileReference; lastKnownFileType = folder.assetcatalog; path = Assets.xcassets; sourceTree = "<group>"; };
		A21082E926DBB3CA005A8BDE /* Base */ = {isa = PBXFileReference; lastKnownFileType = file.storyboard; name = Base; path = Base.lproj/LaunchScreen.storyboard; sourceTree = "<group>"; };
		A21082EB26DBB3CA005A8BDE /* Info.plist */ = {isa = PBXFileReference; lastKnownFileType = text.plist.xml; path = Info.plist; sourceTree = "<group>"; };
/* End PBXFileReference section */

/* Begin PBXFrameworksBuildPhase section */
		A21082D726DBB3C2005A8BDE /* Frameworks */ = {
			isa = PBXFrameworksBuildPhase;
			buildActionMask = 2147483647;
			files = (
			);
			runOnlyForDeploymentPostprocessing = 0;
		};
/* End PBXFrameworksBuildPhase section */

/* Begin PBXGroup section */
		A21082D126DBB3C2005A8BDE = {
			isa = PBXGroup;
			children = (
				A21082DC26DBB3C2005A8BDE /* ValifyAppDemo */,
				A21082DB26DBB3C2005A8BDE /* Products */,
			);
			sourceTree = "<group>";
		};
		A21082DB26DBB3C2005A8BDE /* Products */ = {
			isa = PBXGroup;
			children = (
				A21082DA26DBB3C2005A8BDE /* ValifyAppDemo.app */,
			);
			name = Products;
			sourceTree = "<group>";
		};
		A21082DC26DBB3C2005A8BDE /* ValifyAppDemo */ = {
			isa = PBXGroup;
			children = (
				A21082DD26DBB3C2005A8BDE /* AppDelegate.swift */,
				A21082DF26DBB3C2005A8BDE /* SceneDelegate.swift */,
				A21082E126DBB3C2005A8BDE /* ViewController.swift */,
				A21082E326DBB3C2005A8BDE /* Main.storyboard */,
				A21082E626DBB3CA005A8BDE /* Assets.xcassets */,
				A21082E826DBB3CA005A8BDE /* LaunchScreen.storyboard */,
				A21082EB26DBB3CA005A8BDE /* Info.plist */,
			);
			path = ValifyAppDemo;
			sourceTree = "<group>";
		};
/* End PBXGroup section */

/* Begin PBXNativeTarget section */
		A21082D926DBB3C2005A8BDE /* ValifyAppDemo */ = {
			isa = PBXNativeTarget;
			buildConfigurationList = A21082EE26DBB3CA005A8BDE /* Build configuration list for PBXNativeTarget "ValifyAppDemo" */;
			buildPhases = (
				A21082D626DBB3C2005A8BDE /* Sources */,
				A21082D726DBB3C2005A8BDE /* Frameworks */,
				A21082D826DBB3C2005A8BDE /* Resources */,
			);
			buildRules = (
			);
			dependencies = (
			);
			name = ValifyAppDemo;
			productName = ValifyAppDemo;
			productReference = A21082DA26DBB3C2005A8BDE /* ValifyAppDemo.app */;
			productType = "com.apple.product-type.application";
		};
/* End PBXNativeTarget section */

/* Begin PBXProject section */
		A21082D226DBB3C2005A8BDE /* Project object */ = {
			isa = PBXProject;
			attributes = {
				LastSwiftUpdateCheck = 1240;
				LastUpgradeCheck = 1240;
				TargetAttributes = {
					A21082D926DBB3C2005A8BDE = {
						CreatedOnToolsVersion = 12.4;
					};
				};
			};
			buildConfigurationList = A21082D526DBB3C2005A8BDE /* Build configuration list for PBXProject "ValifyAppDemo" */;
			compatibilityVersion = "Xcode 9.3";
			developmentRegion = en;
			hasScannedForEncodings = 0;
			knownRegions = (
				en,
				Base,
			);
			mainGroup = A21082D126DBB3C2005A8BDE;
			productRefGroup = A21082DB26DBB3C2005A8BDE /* Products */;
			projectDirPath = "";
			projectRoot = "";
			targets = (
				A21082D926DBB3C2005A8BDE /* ValifyAppDemo */,
			);
		};
/* End PBXProject section */

/* Begin PBXResourcesBuildPhase section */
		A21082D826DBB3C2005A8BDE /* Resources */ = {
			isa = PBXResourcesBuildPhase;
			buildActionMask = 2147483647;
			files = (
				A21082EA26DBB3CA005A8BDE /* LaunchScreen.storyboard in Resources */,
				A21082E726DBB3CA005A8BDE /* Assets.xcassets in Resources */,
				A21082E526DBB3C2005A8BDE /* Main.storyboard in Resources */,
			);
			runOnlyForDeploymentPostprocessing = 0;
		};
/* End PBXResourcesBuildPhase section */

/* Begin PBXSourcesBuildPhase section */
		A21082D626DBB3C2005A8BDE /* Sources */ = {
			isa = PBXSourcesBuildPhase;
			buildActionMask = 2147483647;
			files = (
				A21082E226DBB3C2005A8BDE /* ViewController.swift in Sources */,
				A21082DE26DBB3C2005A8BDE /* AppDelegate.swift in Sources */,
				A21082E026DBB3C2005A8BDE /* SceneDelegate.swift in Sources */,
			);
			runOnlyForDeploymentPostprocessing = 0;
		};
/* End PBXSourcesBuildPhase section */

/* Begin PBXVariantGroup section */
		A21082E326DBB3C2005A8BDE /* Main.storyboard */ = {
			isa = PBXVariantGroup;
			children = (
				A21082E426DBB3C2005A8BDE /* Base */,
			);
			name = Main.storyboard;
			sourceTree = "<group>";
		};
		A21082E826DBB3CA005A8BDE /* LaunchScreen.storyboard */ = {
			isa = PBXVariantGroup;
			children = (
				A21082E926DBB3CA005A8BDE /* Base */,
			);
			name = LaunchScreen.storyboard;
			sourceTree = "<group>";
		};
/* End PBXVariantGroup section */

/* Begin XCBuildConfiguration section */
		A21082EC26DBB3CA005A8BDE /* Debug */ = {
			isa = XCBuildConfiguration;
			buildSettings = {
				ALWAYS_SEARCH_USER_PATHS = NO;
				CLANG_ANALYZER_NONNULL = YES;
				CLANG_ANALYZER_NUMBER_OBJECT_CONVERSION = YES_AGGRESSIVE;
				CLANG_CXX_LANGUAGE_STANDARD = "gnu++14";
				CLANG_CXX_LIBRARY = "libc++";
				CLANG_ENABLE_MODULES = YES;
				CLANG_ENABLE_OBJC_ARC = YES;
				CLANG_ENABLE_OBJC_WEAK = YES;
				CLANG_WARN_BLOCK_CAPTURE_AUTORELEASING = YES;
				CLANG_WARN_BOOL_CONVERSION = YES;
				CLANG_WARN_COMMA = YES;
				CLANG_WARN_CONSTANT_CONVERSION = YES;
				CLANG_WARN_DEPRECATED_OBJC_IMPLEMENTATIONS = YES;
				CLANG_WARN_DIRECT_OBJC_ISA_USAGE = YES_ERROR;
				CLANG_WARN_DOCUMENTATION_COMMENTS = YES;
				CLANG_WARN_EMPTY_BODY = YES;
				CLANG_WARN_ENUM_CONVERSION = YES;
				CLANG_WARN_INFINITE_RECURSION = YES;
				CLANG_WARN_INT_CONVERSION = YES;
				CLANG_WARN_NON_LITERAL_NULL_CONVERSION = YES;
				CLANG_WARN_OBJC_IMPLICIT_RETAIN_SELF = YES;
				CLANG_WARN_OBJC_LITERAL_CONVERSION = YES;
				CLANG_WARN_OBJC_ROOT_CLASS = YES_ERROR;
				CLANG_WARN_QUOTED_INCLUDE_IN_FRAMEWORK_HEADER = YES;
				CLANG_WARN_RANGE_LOOP_ANALYSIS = YES;
				CLANG_WARN_STRICT_PROTOTYPES = YES;
				CLANG_WARN_SUSPICIOUS_MOVE = YES;
				CLANG_WARN_UNGUARDED_AVAILABILITY = YES_AGGRESSIVE;
				CLANG_WARN_UNREACHABLE_CODE = YES;
				CLANG_WARN__DUPLICATE_METHOD_MATCH = YES;
				COPY_PHASE_STRIP = NO;
				DEBUG_INFORMATION_FORMAT = dwarf;
				ENABLE_STRICT_OBJC_MSGSEND = YES;
				ENABLE_TESTABILITY = YES;
				GCC_C_LANGUAGE_STANDARD = gnu11;
				GCC_DYNAMIC_NO_PIC = NO;
				GCC_NO_COMMON_BLOCKS = YES;
				GCC_OPTIMIZATION_LEVEL = 0;
				GCC_PREPROCESSOR_DEFINITIONS = (
					"DEBUG=1",
					"$(inherited)",
				);
				GCC_WARN_64_TO_32_BIT_CONVERSION = YES;
				GCC_WARN_ABOUT_RETURN_TYPE = YES_ERROR;
				GCC_WARN_UNDECLARED_SELECTOR = YES;
				GCC_WARN_UNINITIALIZED_AUTOS = YES_AGGRESSIVE;
				GCC_WARN_UNUSED_FUNCTION = YES;
				GCC_WARN_UNUSED_VARIABLE = YES;
				IPHONEOS_DEPLOYMENT_TARGET = 14.4;
				MTL_ENABLE_DEBUG_INFO = INCLUDE_SOURCE;
				MTL_FAST_MATH = YES;
				ONLY_ACTIVE_ARCH = YES;
				SDKROOT = iphoneos;
				SWIFT_ACTIVE_COMPILATION_CONDITIONS = DEBUG;
				SWIFT_OPTIMIZATION_LEVEL = "-Onone";
			};
			name = Debug;
		};
		A21082ED26DBB3CA005A8BDE /* Release */ = {
			isa = XCBuildConfiguration;
			buildSettings = {
				ALWAYS_SEARCH_USER_PATHS = NO;
				CLANG_ANALYZER_NONNULL = YES;
				CLANG_ANALYZER_NUMBER_OBJECT_CONVERSION = YES_AGGRESSIVE;
				CLANG_CXX_LANGUAGE_STANDARD = "gnu++14";
				CLANG_CXX_LIBRARY = "libc++";
				CLANG_ENABLE_MODULES = YES;
				CLANG_ENABLE_OBJC_ARC = YES;
				CLANG_ENABLE_OBJC_WEAK = YES;
				CLANG_WARN_BLOCK_CAPTURE_AUTORELEASING = YES;
				CLANG_WARN_BOOL_CONVERSION = YES;
				CLANG_WARN_COMMA = YES;
				CLANG_WARN_CONSTANT_CONVERSION = YES;
				CLANG_WARN_DEPRECATED_OBJC_IMPLEMENTATIONS = YES;
				CLANG_WARN_DIRECT_OBJC_ISA_USAGE = YES_ERROR;
				CLANG_WARN_DOCUMENTATION_COMMENTS = YES;
				CLANG_WARN_EMPTY_BODY = YES;
				CLANG_WARN_ENUM_CONVERSION = YES;
				CLANG_WARN_INFINITE_RECURSION = YES;
				CLANG_WARN_INT_CONVERSION = YES;
				CLANG_WARN_NON_LITERAL_NULL_CONVERSION = YES;
				CLANG_WARN_OBJC_IMPLICIT_RETAIN_SELF = YES;
				CLANG_WARN_OBJC_LITERAL_CONVERSION = YES;
				CLANG_WARN_OBJC_ROOT_CLASS = YES_ERROR;
				CLANG_WARN_QUOTED_INCLUDE_IN_FRAMEWORK_HEADER = YES;
				CLANG_WARN_RANGE_LOOP_ANALYSIS = YES;
				CLANG_WARN_STRICT_PROTOTYPES = YES;
				CLANG_WARN_SUSPICIOUS_MOVE = YES;
				CLANG_WARN_UNGUARDED_AVAILABILITY = YES_AGGRESSIVE;
				CLANG_WARN_UNREACHABLE_CODE = YES;
				CLANG_WARN__DUPLICATE_METHOD_MATCH = YES;
				COPY_PHASE_STRIP = NO;
				DEBUG_INFORMATION_FORMAT = "dwarf-with-dsym";
				ENABLE_NS_ASSERTIONS = NO;
				ENABLE_STRICT_OBJC_MSGSEND = YES;
				GCC_C_LANGUAGE_STANDARD = gnu11;
				GCC_NO_COMMON_BLOCKS = YES;
				GCC_WARN_64_TO_32_BIT_CONVERSION = YES;
				GCC_WARN_ABOUT_RETURN_TYPE = YES_ERROR;
				GCC_WARN_UNDECLARED_SELECTOR = YES;
				GCC_WARN_UNINITIALIZED_AUTOS = YES_AGGRESSIVE;
				GCC_WARN_UNUSED_FUNCTION = YES;
				GCC_WARN_UNUSED_VARIABLE = YES;
				IPHONEOS_DEPLOYMENT_TARGET = 14.4;
				MTL_ENABLE_DEBUG_INFO = NO;
				MTL_FAST_MATH = YES;
				SDKROOT = iphoneos;
				SWIFT_COMPILATION_MODE = wholemodule;
				SWIFT_OPTIMIZATION_LEVEL = "-O";
				VALIDATE_PRODUCT = YES;
			};
			name = Release;
		};
		A21082EF26DBB3CA005A8BDE /* Debug */ = {
			isa = XCBuildConfiguration;
			buildSettings = {
				ASSETCATALOG_COMPILER_APPICON_NAME = AppIcon;
				ASSETCATALOG_COMPILER_GLOBAL_ACCENT_COLOR_NAME = AccentColor;
				CODE_SIGN_STYLE = Automatic;
				DEVELOPMENT_TEAM = K72G95F2HT;
				INFOPLIST_FILE = ValifyAppDemo/Info.plist;
				LD_RUNPATH_SEARCH_PATHS = (
					"$(inherited)",
					"@executable_path/Frameworks",
				);
				PRODUCT_BUNDLE_IDENTIFIER = com.vl.demo.ValifyAppDemo;
				PRODUCT_NAME = "$(TARGET_NAME)";
				SWIFT_VERSION = 5.0;
				TARGETED_DEVICE_FAMILY = "1,2";
			};
			name = Debug;
		};
		A21082F026DBB3CA005A8BDE /* Release */ = {
			isa = XCBuildConfiguration;
			buildSettings = {
				ASSETCATALOG_COMPILER_APPICON_NAME = AppIcon;
				ASSETCATALOG_COMPILER_GLOBAL_ACCENT_COLOR_NAME = AccentColor;
				CODE_SIGN_STYLE = Automatic;
				DEVELOPMENT_TEAM = K72G95F2HT;
				INFOPLIST_FILE = ValifyAppDemo/Info.plist;
				LD_RUNPATH_SEARCH_PATHS = (
					"$(inherited)",
					"@executable_path/Frameworks",
				);
				PRODUCT_BUNDLE_IDENTIFIER = com.vl.demo.ValifyAppDemo;
				PRODUCT_NAME = "$(TARGET_NAME)";
				SWIFT_VERSION = 5.0;
				TARGETED_DEVICE_FAMILY = "1,2";
			};
			name = Release;
		};
/* End XCBuildConfiguration section */

/* Begin XCConfigurationList section */
		A21082D526DBB3C2005A8BDE /* Build configuration list for PBXProject "ValifyAppDemo" */ = {
			isa = XCConfigurationList;
			buildConfigurations = (
				A21082EC26DBB3CA005A8BDE /* Debug */,
				A21082ED26DBB3CA005A8BDE /* Release */,
			);
			defaultConfigurationIsVisible = 0;
			defaultConfigurationName = Release;
		};
		A21082EE26DBB3CA005A8BDE /* Build configuration list for PBXNativeTarget "ValifyAppDemo" */ = {
			isa = XCConfigurationList;
			buildConfigurations = (
				A21082EF26DBB3CA005A8BDE /* Debug */,
				A21082F026DBB3CA005A8BDE /* Release */,
			);
			defaultConfigurationIsVisible = 0;
			defaultConfigurationName = Release;
		};
/* End XCConfigurationList section */
	};
	rootObject = A21082D226DBB3C2005A8BDE /* Project object */;
}
